
Microsoft Visual Studio Solution File, Format Version 12.00
# Visual Studio Version 17
VisualStudioVersion = 17.11.35312.102
MinimumVisualStudioVersion = 10.0.40219.1
Project("{FAE04EC0-301F-11D3-BF4B-00C04F79EFBC}") = "EventManagement.Api", "EventManagement.Api\EventManagement.Api.csproj", "{6C5C20A8-D901-4394-8CFD-799937201BBB}"
EndProject
Project("{FAE04EC0-301F-11D3-BF4B-00C04F79EFBC}") = "EventManagement.Client", "EventManagement.Client\EventManagement.Client.csproj", "{562927C0-AF6D-4224-A941-F25D484AE331}"
EndProject
Global
	GlobalSection(SolutionConfigurationPlatforms) = preSolution
		Debug|Any CPU = Debug|Any CPU
		Release|Any CPU = Release|Any CPU
	EndGlobalSection
	GlobalSection(ProjectConfigurationPlatforms) = postSolution
		{6C5C20A8-D901-4394-8CFD-799937201BBB}.Debug|Any CPU.ActiveCfg = Debug|Any CPU
		{6C5C20A8-D901-4394-8CFD-799937201BBB}.Debug|Any CPU.Build.0 = Debug|Any CPU
		{6C5C20A8-D901-4394-8CFD-799937201BBB}.Release|Any CPU.ActiveCfg = Release|Any CPU
		{6C5C20A8-D901-4394-8CFD-799937201BBB}.Release|Any CPU.Build.0 = Release|Any CPU
		{562927C0-AF6D-4224-A941-F25D484AE331}.Debug|Any CPU.ActiveCfg = Debug|Any CPU
		{562927C0-AF6D-4224-A941-F25D484AE331}.Debug|Any CPU.Build.0 = Debug|Any CPU
		{562927C0-AF6D-4224-A941-F25D484AE331}.Release|Any CPU.ActiveCfg = Release|Any CPU
		{562927C0-AF6D-4224-A941-F25D484AE331}.Release|Any CPU.Build.0 = Release|Any CPU
	EndGlobalSection
	GlobalSection(SolutionProperties) = preSolution
		HideSolutionNode = FALSE
	EndGlobalSection
	GlobalSection(ExtensibilityGlobals) = postSolution
		SolutionGuid = {C30AE364-A639-4901-BCB4-195F5506409E}
	EndGlobalSection
EndGlobal
